
Microsoft Visual Studio Solution File, Format Version 12.00
# Visual Studio 14
VisualStudioVersion = 14.0.25420.1
MinimumVisualStudioVersion = 10.0.40219.1
Project("{FAE04EC0-301F-11D3-BF4B-00C04F79EFBC}") = "ConsoleApplication", "ConsoleApplication\ConsoleApplication.csproj", "{A88DAD27-94E7-4C16-AD7D-D5EA793E3987}"
EndProject
Project("{FAE04EC0-301F-11D3-BF4B-00C04F79EFBC}") = "WebApp", "WebApp\WebApp.csproj", "{1678BA2A-CBE5-4C69-8F58-DDB3B0F66733}"
EndProject
Project("{FAE04EC0-301F-11D3-BF4B-00C04F79EFBC}") = "IdentityAuth", "IdentityAuth\IdentityAuth.csproj", "{52D85209-404E-4A23-92CB-F2BC4ACA3440}"
EndProject
Project("{FAE04EC0-301F-11D3-BF4B-00C04F79EFBC}") = "Code", "Code\Code.csproj", "{9C67C5D8-8371-4DDF-909A-E3A84025F641}"
EndProject
Project("{2150E333-8FDC-42A3-9474-1A3956D46DE8}") = "Work", "Work", "{7726789E-FEEC-48CA-A031-F8F8709A6256}"
EndProject
Project("{FAE04EC0-301F-11D3-BF4B-00C04F79EFBC}") = "Work.Repository", "Work.Repository\Work.Repository.csproj", "{5547A020-3569-4CB4-8415-BD0FABBCA312}"
EndProject
Project("{FAE04EC0-301F-11D3-BF4B-00C04F79EFBC}") = "Work.Logic", "Work.Logic\Work.Logic.csproj", "{839E9B2B-FC4F-418C-9E19-0BD12F1782F8}"
EndProject
Project("{FAE04EC0-301F-11D3-BF4B-00C04F79EFBC}") = "Work.Model", "Work.Model\Work.Model.csproj", "{DCB924BE-70C6-4526-AEB6-C5BAD3CDA721}"
EndProject
Project("{FAE04EC0-301F-11D3-BF4B-00C04F79EFBC}") = "Common.Untity", "Common.Untity\Common.Untity.csproj", "{5EB2562B-39D4-40B5-A986-A1F8B58ADA7D}"
EndProject
Global
	GlobalSection(SolutionConfigurationPlatforms) = preSolution
		Debug|Any CPU = Debug|Any CPU
		Release|Any CPU = Release|Any CPU
	EndGlobalSection
	GlobalSection(ProjectConfigurationPlatforms) = postSolution
		{A88DAD27-94E7-4C16-AD7D-D5EA793E3987}.Debug|Any CPU.ActiveCfg = Debug|Any CPU
		{A88DAD27-94E7-4C16-AD7D-D5EA793E3987}.Debug|Any CPU.Build.0 = Debug|Any CPU
		{A88DAD27-94E7-4C16-AD7D-D5EA793E3987}.Release|Any CPU.ActiveCfg = Release|Any CPU
		{A88DAD27-94E7-4C16-AD7D-D5EA793E3987}.Release|Any CPU.Build.0 = Release|Any CPU
		{1678BA2A-CBE5-4C69-8F58-DDB3B0F66733}.Debug|Any CPU.ActiveCfg = Debug|Any CPU
		{1678BA2A-CBE5-4C69-8F58-DDB3B0F66733}.Debug|Any CPU.Build.0 = Debug|Any CPU
		{1678BA2A-CBE5-4C69-8F58-DDB3B0F66733}.Release|Any CPU.ActiveCfg = Release|Any CPU
		{1678BA2A-CBE5-4C69-8F58-DDB3B0F66733}.Release|Any CPU.Build.0 = Release|Any CPU
		{52D85209-404E-4A23-92CB-F2BC4ACA3440}.Debug|Any CPU.ActiveCfg = Debug|Any CPU
		{52D85209-404E-4A23-92CB-F2BC4ACA3440}.Debug|Any CPU.Build.0 = Debug|Any CPU
		{52D85209-404E-4A23-92CB-F2BC4ACA3440}.Release|Any CPU.ActiveCfg = Release|Any CPU
		{52D85209-404E-4A23-92CB-F2BC4ACA3440}.Release|Any CPU.Build.0 = Release|Any CPU
		{9C67C5D8-8371-4DDF-909A-E3A84025F641}.Debug|Any CPU.ActiveCfg = Debug|Any CPU
		{9C67C5D8-8371-4DDF-909A-E3A84025F641}.Debug|Any CPU.Build.0 = Debug|Any CPU
		{9C67C5D8-8371-4DDF-909A-E3A84025F641}.Release|Any CPU.ActiveCfg = Release|Any CPU
		{9C67C5D8-8371-4DDF-909A-E3A84025F641}.Release|Any CPU.Build.0 = Release|Any CPU
		{5547A020-3569-4CB4-8415-BD0FABBCA312}.Debug|Any CPU.ActiveCfg = Debug|Any CPU
		{5547A020-3569-4CB4-8415-BD0FABBCA312}.Debug|Any CPU.Build.0 = Debug|Any CPU
		{5547A020-3569-4CB4-8415-BD0FABBCA312}.Release|Any CPU.ActiveCfg = Release|Any CPU
		{5547A020-3569-4CB4-8415-BD0FABBCA312}.Release|Any CPU.Build.0 = Release|Any CPU
		{839E9B2B-FC4F-418C-9E19-0BD12F1782F8}.Debug|Any CPU.ActiveCfg = Debug|Any CPU
		{839E9B2B-FC4F-418C-9E19-0BD12F1782F8}.Debug|Any CPU.Build.0 = Debug|Any CPU
		{839E9B2B-FC4F-418C-9E19-0BD12F1782F8}.Release|Any CPU.ActiveCfg = Release|Any CPU
		{839E9B2B-FC4F-418C-9E19-0BD12F1782F8}.Release|Any CPU.Build.0 = Release|Any CPU
		{DCB924BE-70C6-4526-AEB6-C5BAD3CDA721}.Debug|Any CPU.ActiveCfg = Debug|Any CPU
		{DCB924BE-70C6-4526-AEB6-C5BAD3CDA721}.Debug|Any CPU.Build.0 = Debug|Any CPU
		{DCB924BE-70C6-4526-AEB6-C5BAD3CDA721}.Release|Any CPU.ActiveCfg = Release|Any CPU
		{DCB924BE-70C6-4526-AEB6-C5BAD3CDA721}.Release|Any CPU.Build.0 = Release|Any CPU
		{5EB2562B-39D4-40B5-A986-A1F8B58ADA7D}.Debug|Any CPU.ActiveCfg = Debug|Any CPU
		{5EB2562B-39D4-40B5-A986-A1F8B58ADA7D}.Debug|Any CPU.Build.0 = Debug|Any CPU
		{5EB2562B-39D4-40B5-A986-A1F8B58ADA7D}.Release|Any CPU.ActiveCfg = Release|Any CPU
		{5EB2562B-39D4-40B5-A986-A1F8B58ADA7D}.Release|Any CPU.Build.0 = Release|Any CPU
	EndGlobalSection
	GlobalSection(SolutionProperties) = preSolution
		HideSolutionNode = FALSE
	EndGlobalSection
	GlobalSection(NestedProjects) = preSolution
		{1678BA2A-CBE5-4C69-8F58-DDB3B0F66733} = {7726789E-FEEC-48CA-A031-F8F8709A6256}
		{5547A020-3569-4CB4-8415-BD0FABBCA312} = {7726789E-FEEC-48CA-A031-F8F8709A6256}
		{839E9B2B-FC4F-418C-9E19-0BD12F1782F8} = {7726789E-FEEC-48CA-A031-F8F8709A6256}
		{DCB924BE-70C6-4526-AEB6-C5BAD3CDA721} = {7726789E-FEEC-48CA-A031-F8F8709A6256}
	EndGlobalSection
EndGlobal
